
Microsoft Visual Studio Solution File, Format Version 12.00
# Visual Studio Version 17
VisualStudioVersion = 17.7.34009.444
MinimumVisualStudioVersion = 10.0.40219.1
Project("{FAE04EC0-301F-11D3-BF4B-00C04F79EFBC}") = "Sorting_Comparisons", "Sorting_Comparisons\Sorting_Comparisons.csproj", "{99CF64E5-DB38-48D7-A939-D6BE49FE6DC4}"
EndProject
Global
	GlobalSection(SolutionConfigurationPlatforms) = preSolution
		Debug|Any CPU = Debug|Any CPU
		Release|Any CPU = Release|Any CPU
	EndGlobalSection
	GlobalSection(ProjectConfigurationPlatforms) = postSolution
		{99CF64E5-DB38-48D7-A939-D6BE49FE6DC4}.Debug|Any CPU.ActiveCfg = Debug|Any CPU
		{99CF64E5-DB38-48D7-A939-D6BE49FE6DC4}.Debug|Any CPU.Build.0 = Debug|Any CPU
		{99CF64E5-DB38-48D7-A939-D6BE49FE6DC4}.Release|Any CPU.ActiveCfg = Release|Any CPU
		{99CF64E5-DB38-48D7-A939-D6BE49FE6DC4}.Release|Any CPU.Build.0 = Release|Any CPU
	EndGlobalSection
	GlobalSection(SolutionProperties) = preSolution
		HideSolutionNode = FALSE
	EndGlobalSection
	GlobalSection(ExtensibilityGlobals) = postSolution
		SolutionGuid = {46FCF371-A863-4787-BCF2-97B090EDDE05}
	EndGlobalSection
EndGlobal
